
Microsoft Visual Studio Solution File, Format Version 12.00
# Visual Studio Version 16
VisualStudioVersion = 16.0.29806.167
MinimumVisualStudioVersion = 10.0.40219.1
Project("{9A19103F-16F7-4668-BE54-9A1E7A4F7556}") = "ComputerScience_Sorting_App", "ComputerScience_Interviews\ComputerScience_Sorting_App.csproj", "{67F73E94-346F-46F3-B5AE-8A996AD59AED}"
EndProject
Project("{9A19103F-16F7-4668-BE54-9A1E7A4F7556}") = "ComputerScience_Sorting_Lib", "ComputerScience_Sorting_Lib\ComputerScience_Sorting_Lib.csproj", "{D47AE8BB-F4AE-43B3-BC2C-F6E37F802440}"
EndProject
Project("{9A19103F-16F7-4668-BE54-9A1E7A4F7556}") = "LinkedLists_Core", "LinkedLists_Core\LinkedLists_Core.csproj", "{62661CFE-33D8-4512-BE5D-482F3118C408}"
EndProject
Project("{9A19103F-16F7-4668-BE54-9A1E7A4F7556}") = "HashTable_Core", "HashTable_Core\HashTable_Core.csproj", "{C851F5CD-8762-446A-BB8C-4D0D6789193B}"
EndProject
Project("{8BC9CEB8-8B4A-11D0-8D11-00A0C91BC942}") = "HashTables_UsingC", "HashTables_UsingC\HashTables_UsingC.vcxproj", "{E76EF8A9-0CD0-439F-9FBA-4E35853AFD38}"
EndProject
Project("{8BC9CEB8-8B4A-11D0-8D11-00A0C91BC942}") = "Pointers_UsingCPP", "Pointers_UsingCPP\Pointers_UsingCPP.vcxproj", "{FE3B87DF-8E90-4ED5-A879-3BB747D70DBA}"
EndProject
Project("{8BC9CEB8-8B4A-11D0-8D11-00A0C91BC942}") = "LinkedLists_UsingCPP", "LinkedLists_UsingC\LinkedLists_UsingC.vcxproj", "{036F95C0-F2A9-4175-A0FD-EA921B17BF4A}"
EndProject
Project("{9A19103F-16F7-4668-BE54-9A1E7A4F7556}") = "InterviewKickstart_Sorting", "InterviewKickstart_Sorting\InterviewKickstart_Sorting.csproj", "{7A330D8A-6F1F-43C3-93BF-E0C9FB62F0A0}"
EndProject
Project("{888888A0-9F3D-457C-B088-3A5042F75D52}") = "InterviewKickstart_HeapQueue", "InterviewKickstart_HeapQueue\InterviewKickstart_HeapQueue.pyproj", "{FDD8205C-A317-4706-983D-B69758AD876F}"
EndProject
Project("{9A19103F-16F7-4668-BE54-9A1E7A4F7556}") = "InterviewKick_MagicTriplets", "InterviewKick_MagicTriplets\InterviewKick_MagicTriplets.csproj", "{A7DEFEFE-1644-4921-B5D7-ACF4C0BC819C}"
EndProject
Project("{FAE04EC0-301F-11D3-BF4B-00C04F79EFBC}") = "InterviewKick_DutchFlag", "InterviewKick_DutchFlag\InterviewKick_DutchFlag.csproj", "{E8739519-55B0-4ED8-BBEF-754ABF8C512F}"
EndProject
Global
	GlobalSection(SolutionConfigurationPlatforms) = preSolution
		Debug|Any CPU = Debug|Any CPU
		Debug|x64 = Debug|x64
		Debug|x86 = Debug|x86
		Release|Any CPU = Release|Any CPU
		Release|x64 = Release|x64
		Release|x86 = Release|x86
	EndGlobalSection
	GlobalSection(ProjectConfigurationPlatforms) = postSolution
		{67F73E94-346F-46F3-B5AE-8A996AD59AED}.Debug|Any CPU.ActiveCfg = Debug|Any CPU
		{67F73E94-346F-46F3-B5AE-8A996AD59AED}.Debug|Any CPU.Build.0 = Debug|Any CPU
		{67F73E94-346F-46F3-B5AE-8A996AD59AED}.Debug|x64.ActiveCfg = Debug|Any CPU
		{67F73E94-346F-46F3-B5AE-8A996AD59AED}.Debug|x64.Build.0 = Debug|Any CPU
		{67F73E94-346F-46F3-B5AE-8A996AD59AED}.Debug|x86.ActiveCfg = Debug|Any CPU
		{67F73E94-346F-46F3-B5AE-8A996AD59AED}.Debug|x86.Build.0 = Debug|Any CPU
		{67F73E94-346F-46F3-B5AE-8A996AD59AED}.Release|Any CPU.ActiveCfg = Release|Any CPU
		{67F73E94-346F-46F3-B5AE-8A996AD59AED}.Release|Any CPU.Build.0 = Release|Any CPU
		{67F73E94-346F-46F3-B5AE-8A996AD59AED}.Release|x64.ActiveCfg = Release|Any CPU
		{67F73E94-346F-46F3-B5AE-8A996AD59AED}.Release|x64.Build.0 = Release|Any CPU
		{67F73E94-346F-46F3-B5AE-8A996AD59AED}.Release|x86.ActiveCfg = Release|Any CPU
		{67F73E94-346F-46F3-B5AE-8A996AD59AED}.Release|x86.Build.0 = Release|Any CPU
		{D47AE8BB-F4AE-43B3-BC2C-F6E37F802440}.Debug|Any CPU.ActiveCfg = Debug|Any CPU
		{D47AE8BB-F4AE-43B3-BC2C-F6E37F802440}.Debug|Any CPU.Build.0 = Debug|Any CPU
		{D47AE8BB-F4AE-43B3-BC2C-F6E37F802440}.Debug|x64.ActiveCfg = Debug|Any CPU
		{D47AE8BB-F4AE-43B3-BC2C-F6E37F802440}.Debug|x64.Build.0 = Debug|Any CPU
		{D47AE8BB-F4AE-43B3-BC2C-F6E37F802440}.Debug|x86.ActiveCfg = Debug|Any CPU
		{D47AE8BB-F4AE-43B3-BC2C-F6E37F802440}.Debug|x86.Build.0 = Debug|Any CPU
		{D47AE8BB-F4AE-43B3-BC2C-F6E37F802440}.Release|Any CPU.ActiveCfg = Release|Any CPU
		{D47AE8BB-F4AE-43B3-BC2C-F6E37F802440}.Release|Any CPU.Build.0 = Release|Any CPU
		{D47AE8BB-F4AE-43B3-BC2C-F6E37F802440}.Release|x64.ActiveCfg = Release|Any CPU
		{D47AE8BB-F4AE-43B3-BC2C-F6E37F802440}.Release|x64.Build.0 = Release|Any CPU
		{D47AE8BB-F4AE-43B3-BC2C-F6E37F802440}.Release|x86.ActiveCfg = Release|Any CPU
		{D47AE8BB-F4AE-43B3-BC2C-F6E37F802440}.Release|x86.Build.0 = Release|Any CPU
		{62661CFE-33D8-4512-BE5D-482F3118C408}.Debug|Any CPU.ActiveCfg = Debug|Any CPU
		{62661CFE-33D8-4512-BE5D-482F3118C408}.Debug|Any CPU.Build.0 = Debug|Any CPU
		{62661CFE-33D8-4512-BE5D-482F3118C408}.Debug|x64.ActiveCfg = Debug|Any CPU
		{62661CFE-33D8-4512-BE5D-482F3118C408}.Debug|x64.Build.0 = Debug|Any CPU
		{62661CFE-33D8-4512-BE5D-482F3118C408}.Debug|x86.ActiveCfg = Debug|Any CPU
		{62661CFE-33D8-4512-BE5D-482F3118C408}.Debug|x86.Build.0 = Debug|Any CPU
		{62661CFE-33D8-4512-BE5D-482F3118C408}.Release|Any CPU.ActiveCfg = Release|Any CPU
		{62661CFE-33D8-4512-BE5D-482F3118C408}.Release|Any CPU.Build.0 = Release|Any CPU
		{62661CFE-33D8-4512-BE5D-482F3118C408}.Release|x64.ActiveCfg = Release|Any CPU
		{62661CFE-33D8-4512-BE5D-482F3118C408}.Release|x64.Build.0 = Release|Any CPU
		{62661CFE-33D8-4512-BE5D-482F3118C408}.Release|x86.ActiveCfg = Release|Any CPU
		{62661CFE-33D8-4512-BE5D-482F3118C408}.Release|x86.Build.0 = Release|Any CPU
		{C851F5CD-8762-446A-BB8C-4D0D6789193B}.Debug|Any CPU.ActiveCfg = Debug|Any CPU
		{C851F5CD-8762-446A-BB8C-4D0D6789193B}.Debug|Any CPU.Build.0 = Debug|Any CPU
		{C851F5CD-8762-446A-BB8C-4D0D6789193B}.Debug|x64.ActiveCfg = Debug|Any CPU
		{C851F5CD-8762-446A-BB8C-4D0D6789193B}.Debug|x64.Build.0 = Debug|Any CPU
		{C851F5CD-8762-446A-BB8C-4D0D6789193B}.Debug|x86.ActiveCfg = Debug|Any CPU
		{C851F5CD-8762-446A-BB8C-4D0D6789193B}.Debug|x86.Build.0 = Debug|Any CPU
		{C851F5CD-8762-446A-BB8C-4D0D6789193B}.Release|Any CPU.ActiveCfg = Release|Any CPU
		{C851F5CD-8762-446A-BB8C-4D0D6789193B}.Release|Any CPU.Build.0 = Release|Any CPU
		{C851F5CD-8762-446A-BB8C-4D0D6789193B}.Release|x64.ActiveCfg = Release|Any CPU
		{C851F5CD-8762-446A-BB8C-4D0D6789193B}.Release|x64.Build.0 = Release|Any CPU
		{C851F5CD-8762-446A-BB8C-4D0D6789193B}.Release|x86.ActiveCfg = Release|Any CPU
		{C851F5CD-8762-446A-BB8C-4D0D6789193B}.Release|x86.Build.0 = Release|Any CPU
		{E76EF8A9-0CD0-439F-9FBA-4E35853AFD38}.Debug|Any CPU.ActiveCfg = Debug|Win32
		{E76EF8A9-0CD0-439F-9FBA-4E35853AFD38}.Debug|x64.ActiveCfg = Debug|x64
		{E76EF8A9-0CD0-439F-9FBA-4E35853AFD38}.Debug|x64.Build.0 = Debug|x64
		{E76EF8A9-0CD0-439F-9FBA-4E35853AFD38}.Debug|x86.ActiveCfg = Debug|Win32
		{E76EF8A9-0CD0-439F-9FBA-4E35853AFD38}.Debug|x86.Build.0 = Debug|Win32
		{E76EF8A9-0CD0-439F-9FBA-4E35853AFD38}.Release|Any CPU.ActiveCfg = Release|Win32
		{E76EF8A9-0CD0-439F-9FBA-4E35853AFD38}.Release|x64.ActiveCfg = Release|x64
		{E76EF8A9-0CD0-439F-9FBA-4E35853AFD38}.Release|x64.Build.0 = Release|x64
		{E76EF8A9-0CD0-439F-9FBA-4E35853AFD38}.Release|x86.ActiveCfg = Release|Win32
		{E76EF8A9-0CD0-439F-9FBA-4E35853AFD38}.Release|x86.Build.0 = Release|Win32
		{FE3B87DF-8E90-4ED5-A879-3BB747D70DBA}.Debug|Any CPU.ActiveCfg = Debug|Win32
		{FE3B87DF-8E90-4ED5-A879-3BB747D70DBA}.Debug|x64.ActiveCfg = Debug|x64
		{FE3B87DF-8E90-4ED5-A879-3BB747D70DBA}.Debug|x64.Build.0 = Debug|x64
		{FE3B87DF-8E90-4ED5-A879-3BB747D70DBA}.Debug|x86.ActiveCfg = Debug|Win32
		{FE3B87DF-8E90-4ED5-A879-3BB747D70DBA}.Debug|x86.Build.0 = Debug|Win32
		{FE3B87DF-8E90-4ED5-A879-3BB747D70DBA}.Release|Any CPU.ActiveCfg = Release|Win32
		{FE3B87DF-8E90-4ED5-A879-3BB747D70DBA}.Release|x64.ActiveCfg = Release|x64
		{FE3B87DF-8E90-4ED5-A879-3BB747D70DBA}.Release|x64.Build.0 = Release|x64
		{FE3B87DF-8E90-4ED5-A879-3BB747D70DBA}.Release|x86.ActiveCfg = Release|Win32
		{FE3B87DF-8E90-4ED5-A879-3BB747D70DBA}.Release|x86.Build.0 = Release|Win32
		{036F95C0-F2A9-4175-A0FD-EA921B17BF4A}.Debug|Any CPU.ActiveCfg = Debug|Win32
		{036F95C0-F2A9-4175-A0FD-EA921B17BF4A}.Debug|x64.ActiveCfg = Debug|x64
		{036F95C0-F2A9-4175-A0FD-EA921B17BF4A}.Debug|x64.Build.0 = Debug|x64
		{036F95C0-F2A9-4175-A0FD-EA921B17BF4A}.Debug|x86.ActiveCfg = Debug|Win32
		{036F95C0-F2A9-4175-A0FD-EA921B17BF4A}.Debug|x86.Build.0 = Debug|Win32
		{036F95C0-F2A9-4175-A0FD-EA921B17BF4A}.Release|Any CPU.ActiveCfg = Release|Win32
		{036F95C0-F2A9-4175-A0FD-EA921B17BF4A}.Release|x64.ActiveCfg = Release|x64
		{036F95C0-F2A9-4175-A0FD-EA921B17BF4A}.Release|x64.Build.0 = Release|x64
		{036F95C0-F2A9-4175-A0FD-EA921B17BF4A}.Release|x86.ActiveCfg = Release|Win32
		{036F95C0-F2A9-4175-A0FD-EA921B17BF4A}.Release|x86.Build.0 = Release|Win32
		{7A330D8A-6F1F-43C3-93BF-E0C9FB62F0A0}.Debug|Any CPU.ActiveCfg = Debug|Any CPU
		{7A330D8A-6F1F-43C3-93BF-E0C9FB62F0A0}.Debug|Any CPU.Build.0 = Debug|Any CPU
		{7A330D8A-6F1F-43C3-93BF-E0C9FB62F0A0}.Debug|x64.ActiveCfg = Debug|Any CPU
		{7A330D8A-6F1F-43C3-93BF-E0C9FB62F0A0}.Debug|x64.Build.0 = Debug|Any CPU
		{7A330D8A-6F1F-43C3-93BF-E0C9FB62F0A0}.Debug|x86.ActiveCfg = Debug|Any CPU
		{7A330D8A-6F1F-43C3-93BF-E0C9FB62F0A0}.Debug|x86.Build.0 = Debug|Any CPU
		{7A330D8A-6F1F-43C3-93BF-E0C9FB62F0A0}.Release|Any CPU.ActiveCfg = Release|Any CPU
		{7A330D8A-6F1F-43C3-93BF-E0C9FB62F0A0}.Release|Any CPU.Build.0 = Release|Any CPU
		{7A330D8A-6F1F-43C3-93BF-E0C9FB62F0A0}.Release|x64.ActiveCfg = Release|Any CPU
		{7A330D8A-6F1F-43C3-93BF-E0C9FB62F0A0}.Release|x64.Build.0 = Release|Any CPU
		{7A330D8A-6F1F-43C3-93BF-E0C9FB62F0A0}.Release|x86.ActiveCfg = Release|Any CPU
		{7A330D8A-6F1F-43C3-93BF-E0C9FB62F0A0}.Release|x86.Build.0 = Release|Any CPU
		{FDD8205C-A317-4706-983D-B69758AD876F}.Debug|Any CPU.ActiveCfg = Debug|Any CPU
		{FDD8205C-A317-4706-983D-B69758AD876F}.Debug|x64.ActiveCfg = Debug|Any CPU
		{FDD8205C-A317-4706-983D-B69758AD876F}.Debug|x86.ActiveCfg = Debug|Any CPU
		{FDD8205C-A317-4706-983D-B69758AD876F}.Release|Any CPU.ActiveCfg = Release|Any CPU
		{FDD8205C-A317-4706-983D-B69758AD876F}.Release|x64.ActiveCfg = Release|Any CPU
		{FDD8205C-A317-4706-983D-B69758AD876F}.Release|x86.ActiveCfg = Release|Any CPU
		{A7DEFEFE-1644-4921-B5D7-ACF4C0BC819C}.Debug|Any CPU.ActiveCfg = Debug|Any CPU
		{A7DEFEFE-1644-4921-B5D7-ACF4C0BC819C}.Debug|Any CPU.Build.0 = Debug|Any CPU
		{A7DEFEFE-1644-4921-B5D7-ACF4C0BC819C}.Debug|x64.ActiveCfg = Debug|Any CPU
		{A7DEFEFE-1644-4921-B5D7-ACF4C0BC819C}.Debug|x64.Build.0 = Debug|Any CPU
		{A7DEFEFE-1644-4921-B5D7-ACF4C0BC819C}.Debug|x86.ActiveCfg = Debug|Any CPU
		{A7DEFEFE-1644-4921-B5D7-ACF4C0BC819C}.Debug|x86.Build.0 = Debug|Any CPU
		{A7DEFEFE-1644-4921-B5D7-ACF4C0BC819C}.Release|Any CPU.ActiveCfg = Release|Any CPU
		{A7DEFEFE-1644-4921-B5D7-ACF4C0BC819C}.Release|Any CPU.Build.0 = Release|Any CPU
		{A7DEFEFE-1644-4921-B5D7-ACF4C0BC819C}.Release|x64.ActiveCfg = Release|Any CPU
		{A7DEFEFE-1644-4921-B5D7-ACF4C0BC819C}.Release|x64.Build.0 = Release|Any CPU
		{A7DEFEFE-1644-4921-B5D7-ACF4C0BC819C}.Release|x86.ActiveCfg = Release|Any CPU
		{A7DEFEFE-1644-4921-B5D7-ACF4C0BC819C}.Release|x86.Build.0 = Release|Any CPU
		{E8739519-55B0-4ED8-BBEF-754ABF8C512F}.Debug|Any CPU.ActiveCfg = Debug|Any CPU
		{E8739519-55B0-4ED8-BBEF-754ABF8C512F}.Debug|Any CPU.Build.0 = Debug|Any CPU
		{E8739519-55B0-4ED8-BBEF-754ABF8C512F}.Debug|x64.ActiveCfg = Debug|Any CPU
		{E8739519-55B0-4ED8-BBEF-754ABF8C512F}.Debug|x64.Build.0 = Debug|Any CPU
		{E8739519-55B0-4ED8-BBEF-754ABF8C512F}.Debug|x86.ActiveCfg = Debug|Any CPU
		{E8739519-55B0-4ED8-BBEF-754ABF8C512F}.Debug|x86.Build.0 = Debug|Any CPU
		{E8739519-55B0-4ED8-BBEF-754ABF8C512F}.Release|Any CPU.ActiveCfg = Release|Any CPU
		{E8739519-55B0-4ED8-BBEF-754ABF8C512F}.Release|Any CPU.Build.0 = Release|Any CPU
		{E8739519-55B0-4ED8-BBEF-754ABF8C512F}.Release|x64.ActiveCfg = Release|Any CPU
		{E8739519-55B0-4ED8-BBEF-754ABF8C512F}.Release|x64.Build.0 = Release|Any CPU
		{E8739519-55B0-4ED8-BBEF-754ABF8C512F}.Release|x86.ActiveCfg = Release|Any CPU
		{E8739519-55B0-4ED8-BBEF-754ABF8C512F}.Release|x86.Build.0 = Release|Any CPU
	EndGlobalSection
	GlobalSection(SolutionProperties) = preSolution
		HideSolutionNode = FALSE
	EndGlobalSection
	GlobalSection(ExtensibilityGlobals) = postSolution
		SolutionGuid = {4D412920-621A-4040-9C58-4A502D25F522}
	EndGlobalSection
EndGlobal
